
Microsoft Visual Studio Solution File, Format Version 12.00
# Visual Studio 15
Project("{FAE04EC0-301F-11D3-BF4B-00C04F79EFBC}") = "Assembly-CSharp", "Assembly-CSharp.csproj", "{3AE94592-1BCA-1309-29D4-E817EBD88875}"
EndProject
Project("{FAE04EC0-301F-11D3-BF4B-00C04F79EFBC}") = "Assembly-CSharp-firstpass", "Assembly-CSharp-firstpass.csproj", "{EFB064B9-399D-25D8-4A26-BB942EC600FB}"
EndProject
Project("{FAE04EC0-301F-11D3-BF4B-00C04F79EFBC}") = "Assembly-CSharp-Editor", "Assembly-CSharp-Editor.csproj", "{719C4D42-17B4-B7FB-BEA0-83BAF5037C20}"
EndProject
Project("{FAE04EC0-301F-11D3-BF4B-00C04F79EFBC}") = "Assembly-CSharp-Editor-firstpass", "Assembly-CSharp-Editor-firstpass.csproj", "{9677394C-015E-2DC9-4ED9-6E1C5FB470FC}"
EndProject
Global
	GlobalSection(SolutionConfigurationPlatforms) = preSolution
		Debug|Any CPU = Debug|Any CPU
		Release|Any CPU = Release|Any CPU
	EndGlobalSection
	GlobalSection(ProjectConfigurationPlatforms) = postSolution
		{3AE94592-1BCA-1309-29D4-E817EBD88875}.Debug|Any CPU.ActiveCfg = Debug|Any CPU
		{3AE94592-1BCA-1309-29D4-E817EBD88875}.Debug|Any CPU.Build.0 = Debug|Any CPU
		{3AE94592-1BCA-1309-29D4-E817EBD88875}.Release|Any CPU.ActiveCfg = Release|Any CPU
		{3AE94592-1BCA-1309-29D4-E817EBD88875}.Release|Any CPU.Build.0 = Release|Any CPU
		{EFB064B9-399D-25D8-4A26-BB942EC600FB}.Debug|Any CPU.ActiveCfg = Debug|Any CPU
		{EFB064B9-399D-25D8-4A26-BB942EC600FB}.Debug|Any CPU.Build.0 = Debug|Any CPU
		{EFB064B9-399D-25D8-4A26-BB942EC600FB}.Release|Any CPU.ActiveCfg = Release|Any CPU
		{EFB064B9-399D-25D8-4A26-BB942EC600FB}.Release|Any CPU.Build.0 = Release|Any CPU
		{719C4D42-17B4-B7FB-BEA0-83BAF5037C20}.Debug|Any CPU.ActiveCfg = Debug|Any CPU
		{719C4D42-17B4-B7FB-BEA0-83BAF5037C20}.Debug|Any CPU.Build.0 = Debug|Any CPU
		{719C4D42-17B4-B7FB-BEA0-83BAF5037C20}.Release|Any CPU.ActiveCfg = Release|Any CPU
		{719C4D42-17B4-B7FB-BEA0-83BAF5037C20}.Release|Any CPU.Build.0 = Release|Any CPU
		{9677394C-015E-2DC9-4ED9-6E1C5FB470FC}.Debug|Any CPU.ActiveCfg = Debug|Any CPU
		{9677394C-015E-2DC9-4ED9-6E1C5FB470FC}.Debug|Any CPU.Build.0 = Debug|Any CPU
		{9677394C-015E-2DC9-4ED9-6E1C5FB470FC}.Release|Any CPU.ActiveCfg = Release|Any CPU
		{9677394C-015E-2DC9-4ED9-6E1C5FB470FC}.Release|Any CPU.Build.0 = Release|Any CPU
	EndGlobalSection
	GlobalSection(SolutionProperties) = preSolution
		HideSolutionNode = FALSE
	EndGlobalSection
	GlobalSection(MonoDevelopProperties) = preSolution
		StartupItem = Assembly-CSharp.csproj
	EndGlobalSection
EndGlobal
